
Microsoft Visual Studio Solution File, Format Version 12.00
# Visual Studio Version 17
VisualStudioVersion = 17.10.35013.160
MinimumVisualStudioVersion = 10.0.40219.1
Project("{FAE04EC0-301F-11D3-BF4B-00C04F79EFBC}") = "JobCandidateHub", "JobCandidateHub\JobCandidateHub.csproj", "{2AA97E8E-5602-42E1-A29B-3BB4CDE3349E}"
EndProject
Project("{FAE04EC0-301F-11D3-BF4B-00C04F79EFBC}") = "JobCandidateHub.Tests", "JobCandidateHub.Tests\JobCandidateHub.Tests.csproj", "{FC8BDCDF-F42D-4E14-AF15-B2104A7F8F82}"
EndProject
Global
	GlobalSection(SolutionConfigurationPlatforms) = preSolution
		Debug|Any CPU = Debug|Any CPU
		Release|Any CPU = Release|Any CPU
	EndGlobalSection
	GlobalSection(ProjectConfigurationPlatforms) = postSolution
		{2AA97E8E-5602-42E1-A29B-3BB4CDE3349E}.Debug|Any CPU.ActiveCfg = Debug|Any CPU
		{2AA97E8E-5602-42E1-A29B-3BB4CDE3349E}.Debug|Any CPU.Build.0 = Debug|Any CPU
		{2AA97E8E-5602-42E1-A29B-3BB4CDE3349E}.Release|Any CPU.ActiveCfg = Release|Any CPU
		{2AA97E8E-5602-42E1-A29B-3BB4CDE3349E}.Release|Any CPU.Build.0 = Release|Any CPU
		{FC8BDCDF-F42D-4E14-AF15-B2104A7F8F82}.Debug|Any CPU.ActiveCfg = Debug|Any CPU
		{FC8BDCDF-F42D-4E14-AF15-B2104A7F8F82}.Debug|Any CPU.Build.0 = Debug|Any CPU
		{FC8BDCDF-F42D-4E14-AF15-B2104A7F8F82}.Release|Any CPU.ActiveCfg = Release|Any CPU
		{FC8BDCDF-F42D-4E14-AF15-B2104A7F8F82}.Release|Any CPU.Build.0 = Release|Any CPU
	EndGlobalSection
	GlobalSection(SolutionProperties) = preSolution
		HideSolutionNode = FALSE
	EndGlobalSection
	GlobalSection(ExtensibilityGlobals) = postSolution
		SolutionGuid = {72B6E442-5429-4412-A4CA-DF6CA6888AD0}
	EndGlobalSection
EndGlobal
